
Microsoft Visual Studio Solution File, Format Version 12.00
# Visual Studio Version 17
VisualStudioVersion = 17.14.36414.22 d17.14
MinimumVisualStudioVersion = 10.0.40219.1
Project("{FAE04EC0-301F-11D3-BF4B-00C04F79EFBC}") = "AdvertisingPlatforms", "AdvertisingPlatforms\AdvertisingPlatforms.csproj", "{CE13F655-8DEF-457C-BEE5-78224D9B4996}"
EndProject
Global
	GlobalSection(SolutionConfigurationPlatforms) = preSolution
		Debug|Any CPU = Debug|Any CPU
		Release|Any CPU = Release|Any CPU
	EndGlobalSection
	GlobalSection(ProjectConfigurationPlatforms) = postSolution
		{CE13F655-8DEF-457C-BEE5-78224D9B4996}.Debug|Any CPU.ActiveCfg = Debug|Any CPU
		{CE13F655-8DEF-457C-BEE5-78224D9B4996}.Debug|Any CPU.Build.0 = Debug|Any CPU
		{CE13F655-8DEF-457C-BEE5-78224D9B4996}.Release|Any CPU.ActiveCfg = Release|Any CPU
		{CE13F655-8DEF-457C-BEE5-78224D9B4996}.Release|Any CPU.Build.0 = Release|Any CPU
	EndGlobalSection
	GlobalSection(SolutionProperties) = preSolution
		HideSolutionNode = FALSE
	EndGlobalSection
	GlobalSection(ExtensibilityGlobals) = postSolution
		SolutionGuid = {42B15112-B661-4907-9224-60C1C9BAA217}
	EndGlobalSection
EndGlobal
